
Microsoft Visual Studio Solution File, Format Version 12.00
# Visual Studio 14
VisualStudioVersion = 14.0.25420.1
MinimumVisualStudioVersion = 10.0.40219.1
Project("{FAE04EC0-301F-11D3-BF4B-00C04F79EFBC}") = "NotesAPI", "NotesAPI\NotesAPI.csproj", "{9EA1D64C-CAB7-4183-B3DB-211444E48BDE}"
EndProject
Project("{FAE04EC0-301F-11D3-BF4B-00C04F79EFBC}") = "NotesAPI.Tests", "NotesAPI.Tests\NotesAPI.Tests.csproj", "{5EC38DD7-F104-4A56-9D0F-AD98C0A08377}"
EndProject
Global
	GlobalSection(SolutionConfigurationPlatforms) = preSolution
		Debug|Any CPU = Debug|Any CPU
		Release|Any CPU = Release|Any CPU
	EndGlobalSection
	GlobalSection(ProjectConfigurationPlatforms) = postSolution
		{9EA1D64C-CAB7-4183-B3DB-211444E48BDE}.Debug|Any CPU.ActiveCfg = Debug|Any CPU
		{9EA1D64C-CAB7-4183-B3DB-211444E48BDE}.Debug|Any CPU.Build.0 = Debug|Any CPU
		{9EA1D64C-CAB7-4183-B3DB-211444E48BDE}.Release|Any CPU.ActiveCfg = Release|Any CPU
		{9EA1D64C-CAB7-4183-B3DB-211444E48BDE}.Release|Any CPU.Build.0 = Release|Any CPU
		{5EC38DD7-F104-4A56-9D0F-AD98C0A08377}.Debug|Any CPU.ActiveCfg = Debug|Any CPU
		{5EC38DD7-F104-4A56-9D0F-AD98C0A08377}.Debug|Any CPU.Build.0 = Debug|Any CPU
		{5EC38DD7-F104-4A56-9D0F-AD98C0A08377}.Release|Any CPU.ActiveCfg = Release|Any CPU
		{5EC38DD7-F104-4A56-9D0F-AD98C0A08377}.Release|Any CPU.Build.0 = Release|Any CPU
	EndGlobalSection
	GlobalSection(SolutionProperties) = preSolution
		HideSolutionNode = FALSE
	EndGlobalSection
EndGlobal
